
Microsoft Visual Studio Solution File, Format Version 12.00
# Visual Studio Version 16
VisualStudioVersion = 16.0.34031.81
MinimumVisualStudioVersion = 10.0.40219.1
Project("{2150E333-8FDC-42A3-9474-1A3956D46DE8}") = "Task0", "Task0", "{644EBFC9-727C-4FE5-928B-F810EFDB015E}"
EndProject
Project("{FAE04EC0-301F-11D3-BF4B-00C04F79EFBC}") = "Tiuiu.SikachevaEA.Sprint2.Task0.V9", "Tiuiu.SikachevaEA.Sprint2.Task0.V9\Tiuiu.SikachevaEA.Sprint2.Task0.V9.csproj", "{94BE8BE3-9C7A-4344-B138-8D03BF15AB34}"
EndProject
Project("{FAE04EC0-301F-11D3-BF4B-00C04F79EFBC}") = "Tiuiu.SikachevaEA.Sprint2.Task0.V9.Lib", "Tiuiu.SikachevaEA.Sprint2.Task0.V9.Lib\Tiuiu.SikachevaEA.Sprint2.Task0.V9.Lib.csproj", "{12558EFE-2B05-4B64-B476-13512BC87DED}"
EndProject
Project("{FAE04EC0-301F-11D3-BF4B-00C04F79EFBC}") = "Tiuiu.SikachevaEA.Sprint2.Task0.V9.Test", "Tiuiu.SikachevaEA.Sprint2.Task0.V9.Test\Tiuiu.SikachevaEA.Sprint2.Task0.V9.Test.csproj", "{8791736F-62A4-4418-9E8A-E68E85933841}"
EndProject
Project("{2150E333-8FDC-42A3-9474-1A3956D46DE8}") = "Task1", "Task1", "{DF62ECA1-349A-4BA8-940E-D48A6D412A88}"
EndProject
Project("{FAE04EC0-301F-11D3-BF4B-00C04F79EFBC}") = "Tiuiu.SikachevaEA.Sprint2.Task1.V30", "Tiuiu.SikachevaEA.Sprint2.Task1.V30\Tiuiu.SikachevaEA.Sprint2.Task1.V30.csproj", "{B0A280F6-2782-4AC4-AD68-36A458517AC1}"
EndProject
Project("{FAE04EC0-301F-11D3-BF4B-00C04F79EFBC}") = "Tiuiu.SikachevaEA.Sprint2.Task1.V30.Lib", "Tiuiu.SikachevaEA.Sprint2.Task1.V30.Lib\Tiuiu.SikachevaEA.Sprint2.Task1.V30.Lib.csproj", "{98AFC6AD-D84B-4E2C-BEE9-3BB728AF567E}"
EndProject
Project("{FAE04EC0-301F-11D3-BF4B-00C04F79EFBC}") = "Tiuiu.SikachevaEA.Sprint2.Task1.V30.Test", "Tiuiu.SikachevaEA.Sprint2.Task1.V30.Test\Tiuiu.SikachevaEA.Sprint2.Task1.V30.Test.csproj", "{C7C09DBE-17A1-4241-93FF-FA43D2AD54C4}"
EndProject
Global
	GlobalSection(SolutionConfigurationPlatforms) = preSolution
		Debug|Any CPU = Debug|Any CPU
		Release|Any CPU = Release|Any CPU
	EndGlobalSection
	GlobalSection(ProjectConfigurationPlatforms) = postSolution
		{94BE8BE3-9C7A-4344-B138-8D03BF15AB34}.Debug|Any CPU.ActiveCfg = Debug|Any CPU
		{94BE8BE3-9C7A-4344-B138-8D03BF15AB34}.Debug|Any CPU.Build.0 = Debug|Any CPU
		{94BE8BE3-9C7A-4344-B138-8D03BF15AB34}.Release|Any CPU.ActiveCfg = Release|Any CPU
		{94BE8BE3-9C7A-4344-B138-8D03BF15AB34}.Release|Any CPU.Build.0 = Release|Any CPU
		{12558EFE-2B05-4B64-B476-13512BC87DED}.Debug|Any CPU.ActiveCfg = Debug|Any CPU
		{12558EFE-2B05-4B64-B476-13512BC87DED}.Debug|Any CPU.Build.0 = Debug|Any CPU
		{12558EFE-2B05-4B64-B476-13512BC87DED}.Release|Any CPU.ActiveCfg = Release|Any CPU
		{12558EFE-2B05-4B64-B476-13512BC87DED}.Release|Any CPU.Build.0 = Release|Any CPU
		{8791736F-62A4-4418-9E8A-E68E85933841}.Debug|Any CPU.ActiveCfg = Debug|Any CPU
		{8791736F-62A4-4418-9E8A-E68E85933841}.Debug|Any CPU.Build.0 = Debug|Any CPU
		{8791736F-62A4-4418-9E8A-E68E85933841}.Release|Any CPU.ActiveCfg = Release|Any CPU
		{8791736F-62A4-4418-9E8A-E68E85933841}.Release|Any CPU.Build.0 = Release|Any CPU
		{B0A280F6-2782-4AC4-AD68-36A458517AC1}.Debug|Any CPU.ActiveCfg = Debug|Any CPU
		{B0A280F6-2782-4AC4-AD68-36A458517AC1}.Debug|Any CPU.Build.0 = Debug|Any CPU
		{B0A280F6-2782-4AC4-AD68-36A458517AC1}.Release|Any CPU.ActiveCfg = Release|Any CPU
		{B0A280F6-2782-4AC4-AD68-36A458517AC1}.Release|Any CPU.Build.0 = Release|Any CPU
		{98AFC6AD-D84B-4E2C-BEE9-3BB728AF567E}.Debug|Any CPU.ActiveCfg = Debug|Any CPU
		{98AFC6AD-D84B-4E2C-BEE9-3BB728AF567E}.Debug|Any CPU.Build.0 = Debug|Any CPU
		{98AFC6AD-D84B-4E2C-BEE9-3BB728AF567E}.Release|Any CPU.ActiveCfg = Release|Any CPU
		{98AFC6AD-D84B-4E2C-BEE9-3BB728AF567E}.Release|Any CPU.Build.0 = Release|Any CPU
		{C7C09DBE-17A1-4241-93FF-FA43D2AD54C4}.Debug|Any CPU.ActiveCfg = Debug|Any CPU
		{C7C09DBE-17A1-4241-93FF-FA43D2AD54C4}.Debug|Any CPU.Build.0 = Debug|Any CPU
		{C7C09DBE-17A1-4241-93FF-FA43D2AD54C4}.Release|Any CPU.ActiveCfg = Release|Any CPU
		{C7C09DBE-17A1-4241-93FF-FA43D2AD54C4}.Release|Any CPU.Build.0 = Release|Any CPU
	EndGlobalSection
	GlobalSection(SolutionProperties) = preSolution
		HideSolutionNode = FALSE
	EndGlobalSection
	GlobalSection(NestedProjects) = preSolution
		{94BE8BE3-9C7A-4344-B138-8D03BF15AB34} = {644EBFC9-727C-4FE5-928B-F810EFDB015E}
		{12558EFE-2B05-4B64-B476-13512BC87DED} = {644EBFC9-727C-4FE5-928B-F810EFDB015E}
		{8791736F-62A4-4418-9E8A-E68E85933841} = {644EBFC9-727C-4FE5-928B-F810EFDB015E}
		{B0A280F6-2782-4AC4-AD68-36A458517AC1} = {DF62ECA1-349A-4BA8-940E-D48A6D412A88}
		{98AFC6AD-D84B-4E2C-BEE9-3BB728AF567E} = {DF62ECA1-349A-4BA8-940E-D48A6D412A88}
		{C7C09DBE-17A1-4241-93FF-FA43D2AD54C4} = {DF62ECA1-349A-4BA8-940E-D48A6D412A88}
	EndGlobalSection
	GlobalSection(ExtensibilityGlobals) = postSolution
		SolutionGuid = {0FBD1099-896D-4D73-A506-2ABA2B57ADB8}
	EndGlobalSection
EndGlobal
