
Microsoft Visual Studio Solution File, Format Version 12.00
# Visual Studio Version 16
VisualStudioVersion = 16.0.34031.81
MinimumVisualStudioVersion = 10.0.40219.1
Project("{2150E333-8FDC-42A3-9474-1A3956D46DE8}") = "Task0", "Task0", "{644EBFC9-727C-4FE5-928B-F810EFDB015E}"
EndProject
Project("{FAE04EC0-301F-11D3-BF4B-00C04F79EFBC}") = "Tiuiu.SikachevaEA.Sprint2.Task0.V9", "Tiuiu.SikachevaEA.Sprint2.Task0.V9\Tiuiu.SikachevaEA.Sprint2.Task0.V9.csproj", "{94BE8BE3-9C7A-4344-B138-8D03BF15AB34}"
EndProject
Project("{FAE04EC0-301F-11D3-BF4B-00C04F79EFBC}") = "Tiuiu.SikachevaEA.Sprint2.Task0.V9.Lib", "Tiuiu.SikachevaEA.Sprint2.Task0.V9.Lib\Tiuiu.SikachevaEA.Sprint2.Task0.V9.Lib.csproj", "{12558EFE-2B05-4B64-B476-13512BC87DED}"
EndProject
Project("{FAE04EC0-301F-11D3-BF4B-00C04F79EFBC}") = "Tiuiu.SikachevaEA.Sprint2.Task0.V9.Test", "Tiuiu.SikachevaEA.Sprint2.Task0.V9.Test\Tiuiu.SikachevaEA.Sprint2.Task0.V9.Test.csproj", "{8791736F-62A4-4418-9E8A-E68E85933841}"
EndProject
Project("{2150E333-8FDC-42A3-9474-1A3956D46DE8}") = "Task1", "Task1", "{DF62ECA1-349A-4BA8-940E-D48A6D412A88}"
EndProject
Project("{FAE04EC0-301F-11D3-BF4B-00C04F79EFBC}") = "Tiuiu.SikachevaEA.Sprint2.Task1.V30", "Tiuiu.SikachevaEA.Sprint2.Task1.V30\Tiuiu.SikachevaEA.Sprint2.Task1.V30.csproj", "{B0A280F6-2782-4AC4-AD68-36A458517AC1}"
EndProject
Project("{FAE04EC0-301F-11D3-BF4B-00C04F79EFBC}") = "Tiuiu.SikachevaEA.Sprint2.Task1.V30.Lib", "Tiuiu.SikachevaEA.Sprint2.Task1.V30.Lib\Tiuiu.SikachevaEA.Sprint2.Task1.V30.Lib.csproj", "{98AFC6AD-D84B-4E2C-BEE9-3BB728AF567E}"
EndProject
Project("{FAE04EC0-301F-11D3-BF4B-00C04F79EFBC}") = "Tiuiu.SikachevaEA.Sprint2.Task1.V30.Test", "Tiuiu.SikachevaEA.Sprint2.Task1.V30.Test\Tiuiu.SikachevaEA.Sprint2.Task1.V30.Test.csproj", "{C7C09DBE-17A1-4241-93FF-FA43D2AD54C4}"
EndProject
Project("{2150E333-8FDC-42A3-9474-1A3956D46DE8}") = "Task2", "Task2", "{4E84C8D7-C5D6-47B4-888C-F07016C3FA5A}"
EndProject
Project("{FAE04EC0-301F-11D3-BF4B-00C04F79EFBC}") = "Tiuiu.SikachevaEA.Sprint2.Task2.V6", "Tiuiu.SikachevaEA.Sprint2.Task2.V6\Tiuiu.SikachevaEA.Sprint2.Task2.V6.csproj", "{99D36D54-EF6E-47FC-A314-0F8AA11A6643}"
EndProject
Project("{FAE04EC0-301F-11D3-BF4B-00C04F79EFBC}") = "Tiuiu.SikachevaEA.Sprint2.Task2.V6.Lib", "Tiuiu.SikachevaEA.Sprint2.Task2.V6.Lib\Tiuiu.SikachevaEA.Sprint2.Task2.V6.Lib.csproj", "{E2FD46B9-3D11-40D1-AAF4-A32CB6A324D0}"
EndProject
Project("{FAE04EC0-301F-11D3-BF4B-00C04F79EFBC}") = "Tiuiu.SikachevaEA.Sprint2.Task2.V6.Test", "Tiuiu.SikachevaEA.Sprint2.Task2.V6.Test\Tiuiu.SikachevaEA.Sprint2.Task2.V6.Test.csproj", "{52FBD16B-0FE9-42CC-ABC6-6F242FBF2D34}"
EndProject
Project("{2150E333-8FDC-42A3-9474-1A3956D46DE8}") = "Task3", "Task3", "{657950A1-20D7-4242-9461-4326039B354A}"
EndProject
Project("{FAE04EC0-301F-11D3-BF4B-00C04F79EFBC}") = "Tiuiu.SikachevaEA.Sprint2.Task3.V19", "Tiuiu.SikachevaEA.Sprint2.Task3.V19\Tiuiu.SikachevaEA.Sprint2.Task3.V19.csproj", "{E2B950A2-D895-467C-A636-EE0DC93F63D8}"
EndProject
Project("{FAE04EC0-301F-11D3-BF4B-00C04F79EFBC}") = "Tiuiu.SikachevaEA.Sprint2.Task3.V19.Lib", "Tiuiu.SikachevaEA.Sprint2.Task3.V19.Lib\Tiuiu.SikachevaEA.Sprint2.Task3.V19.Lib.csproj", "{3EBBB60F-D271-4531-BA74-D4A63DB78074}"
EndProject
Project("{FAE04EC0-301F-11D3-BF4B-00C04F79EFBC}") = "Tiuiu.SikachevaEA.Sprint2.Task3.V19.Test", "Tiuiu.SikachevaEA.Sprint2.Task3.V19.Test\Tiuiu.SikachevaEA.Sprint2.Task3.V19.Test.csproj", "{623BCEFC-93A3-45A3-8A7B-698A21991E1A}"
EndProject
Project("{2150E333-8FDC-42A3-9474-1A3956D46DE8}") = "Task4", "Task4", "{2370BFC4-9D52-4C88-BC71-627719E15127}"
EndProject
Project("{FAE04EC0-301F-11D3-BF4B-00C04F79EFBC}") = "Tiuiu.SikachevaEA.Sprint2.Task4.V2", "Tiuiu.SikachevaEA.Sprint2.Task4.V2\Tiuiu.SikachevaEA.Sprint2.Task4.V2.csproj", "{06958E94-E807-4B3B-B5A1-81320D23BE36}"
EndProject
Project("{FAE04EC0-301F-11D3-BF4B-00C04F79EFBC}") = "Tiuiu.SikachevaEA.Sprint2.Task4.V2.Lib", "Tiuiu.SikachevaEA.Sprint2.Task4.V2.Lib\Tiuiu.SikachevaEA.Sprint2.Task4.V2.Lib.csproj", "{BD5FF789-8B3C-4E9B-9371-A0DEA62E1BB1}"
EndProject
Project("{FAE04EC0-301F-11D3-BF4B-00C04F79EFBC}") = "Tiuiu.SikachevaEA.Sprint2.Task4.V2.Test", "Tiuiu.SikachevaEA.Sprint2.Task4.V2.Test\Tiuiu.SikachevaEA.Sprint2.Task4.V2.Test.csproj", "{BD462D94-5615-45E8-8010-66677A0F0231}"
EndProject
Global
	GlobalSection(SolutionConfigurationPlatforms) = preSolution
		Debug|Any CPU = Debug|Any CPU
		Release|Any CPU = Release|Any CPU
	EndGlobalSection
	GlobalSection(ProjectConfigurationPlatforms) = postSolution
		{94BE8BE3-9C7A-4344-B138-8D03BF15AB34}.Debug|Any CPU.ActiveCfg = Debug|Any CPU
		{94BE8BE3-9C7A-4344-B138-8D03BF15AB34}.Debug|Any CPU.Build.0 = Debug|Any CPU
		{94BE8BE3-9C7A-4344-B138-8D03BF15AB34}.Release|Any CPU.ActiveCfg = Release|Any CPU
		{94BE8BE3-9C7A-4344-B138-8D03BF15AB34}.Release|Any CPU.Build.0 = Release|Any CPU
		{12558EFE-2B05-4B64-B476-13512BC87DED}.Debug|Any CPU.ActiveCfg = Debug|Any CPU
		{12558EFE-2B05-4B64-B476-13512BC87DED}.Debug|Any CPU.Build.0 = Debug|Any CPU
		{12558EFE-2B05-4B64-B476-13512BC87DED}.Release|Any CPU.ActiveCfg = Release|Any CPU
		{12558EFE-2B05-4B64-B476-13512BC87DED}.Release|Any CPU.Build.0 = Release|Any CPU
		{8791736F-62A4-4418-9E8A-E68E85933841}.Debug|Any CPU.ActiveCfg = Debug|Any CPU
		{8791736F-62A4-4418-9E8A-E68E85933841}.Debug|Any CPU.Build.0 = Debug|Any CPU
		{8791736F-62A4-4418-9E8A-E68E85933841}.Release|Any CPU.ActiveCfg = Release|Any CPU
		{8791736F-62A4-4418-9E8A-E68E85933841}.Release|Any CPU.Build.0 = Release|Any CPU
		{B0A280F6-2782-4AC4-AD68-36A458517AC1}.Debug|Any CPU.ActiveCfg = Debug|Any CPU
		{B0A280F6-2782-4AC4-AD68-36A458517AC1}.Debug|Any CPU.Build.0 = Debug|Any CPU
		{B0A280F6-2782-4AC4-AD68-36A458517AC1}.Release|Any CPU.ActiveCfg = Release|Any CPU
		{B0A280F6-2782-4AC4-AD68-36A458517AC1}.Release|Any CPU.Build.0 = Release|Any CPU
		{98AFC6AD-D84B-4E2C-BEE9-3BB728AF567E}.Debug|Any CPU.ActiveCfg = Debug|Any CPU
		{98AFC6AD-D84B-4E2C-BEE9-3BB728AF567E}.Debug|Any CPU.Build.0 = Debug|Any CPU
		{98AFC6AD-D84B-4E2C-BEE9-3BB728AF567E}.Release|Any CPU.ActiveCfg = Release|Any CPU
		{98AFC6AD-D84B-4E2C-BEE9-3BB728AF567E}.Release|Any CPU.Build.0 = Release|Any CPU
		{C7C09DBE-17A1-4241-93FF-FA43D2AD54C4}.Debug|Any CPU.ActiveCfg = Debug|Any CPU
		{C7C09DBE-17A1-4241-93FF-FA43D2AD54C4}.Debug|Any CPU.Build.0 = Debug|Any CPU
		{C7C09DBE-17A1-4241-93FF-FA43D2AD54C4}.Release|Any CPU.ActiveCfg = Release|Any CPU
		{C7C09DBE-17A1-4241-93FF-FA43D2AD54C4}.Release|Any CPU.Build.0 = Release|Any CPU
		{99D36D54-EF6E-47FC-A314-0F8AA11A6643}.Debug|Any CPU.ActiveCfg = Debug|Any CPU
		{99D36D54-EF6E-47FC-A314-0F8AA11A6643}.Debug|Any CPU.Build.0 = Debug|Any CPU
		{99D36D54-EF6E-47FC-A314-0F8AA11A6643}.Release|Any CPU.ActiveCfg = Release|Any CPU
		{99D36D54-EF6E-47FC-A314-0F8AA11A6643}.Release|Any CPU.Build.0 = Release|Any CPU
		{E2FD46B9-3D11-40D1-AAF4-A32CB6A324D0}.Debug|Any CPU.ActiveCfg = Debug|Any CPU
		{E2FD46B9-3D11-40D1-AAF4-A32CB6A324D0}.Debug|Any CPU.Build.0 = Debug|Any CPU
		{E2FD46B9-3D11-40D1-AAF4-A32CB6A324D0}.Release|Any CPU.ActiveCfg = Release|Any CPU
		{E2FD46B9-3D11-40D1-AAF4-A32CB6A324D0}.Release|Any CPU.Build.0 = Release|Any CPU
		{52FBD16B-0FE9-42CC-ABC6-6F242FBF2D34}.Debug|Any CPU.ActiveCfg = Debug|Any CPU
		{52FBD16B-0FE9-42CC-ABC6-6F242FBF2D34}.Debug|Any CPU.Build.0 = Debug|Any CPU
		{52FBD16B-0FE9-42CC-ABC6-6F242FBF2D34}.Release|Any CPU.ActiveCfg = Release|Any CPU
		{52FBD16B-0FE9-42CC-ABC6-6F242FBF2D34}.Release|Any CPU.Build.0 = Release|Any CPU
		{E2B950A2-D895-467C-A636-EE0DC93F63D8}.Debug|Any CPU.ActiveCfg = Debug|Any CPU
		{E2B950A2-D895-467C-A636-EE0DC93F63D8}.Debug|Any CPU.Build.0 = Debug|Any CPU
		{E2B950A2-D895-467C-A636-EE0DC93F63D8}.Release|Any CPU.ActiveCfg = Release|Any CPU
		{E2B950A2-D895-467C-A636-EE0DC93F63D8}.Release|Any CPU.Build.0 = Release|Any CPU
		{3EBBB60F-D271-4531-BA74-D4A63DB78074}.Debug|Any CPU.ActiveCfg = Debug|Any CPU
		{3EBBB60F-D271-4531-BA74-D4A63DB78074}.Debug|Any CPU.Build.0 = Debug|Any CPU
		{3EBBB60F-D271-4531-BA74-D4A63DB78074}.Release|Any CPU.ActiveCfg = Release|Any CPU
		{3EBBB60F-D271-4531-BA74-D4A63DB78074}.Release|Any CPU.Build.0 = Release|Any CPU
		{623BCEFC-93A3-45A3-8A7B-698A21991E1A}.Debug|Any CPU.ActiveCfg = Debug|Any CPU
		{623BCEFC-93A3-45A3-8A7B-698A21991E1A}.Debug|Any CPU.Build.0 = Debug|Any CPU
		{623BCEFC-93A3-45A3-8A7B-698A21991E1A}.Release|Any CPU.ActiveCfg = Release|Any CPU
		{623BCEFC-93A3-45A3-8A7B-698A21991E1A}.Release|Any CPU.Build.0 = Release|Any CPU
		{06958E94-E807-4B3B-B5A1-81320D23BE36}.Debug|Any CPU.ActiveCfg = Debug|Any CPU
		{06958E94-E807-4B3B-B5A1-81320D23BE36}.Debug|Any CPU.Build.0 = Debug|Any CPU
		{06958E94-E807-4B3B-B5A1-81320D23BE36}.Release|Any CPU.ActiveCfg = Release|Any CPU
		{06958E94-E807-4B3B-B5A1-81320D23BE36}.Release|Any CPU.Build.0 = Release|Any CPU
		{BD5FF789-8B3C-4E9B-9371-A0DEA62E1BB1}.Debug|Any CPU.ActiveCfg = Debug|Any CPU
		{BD5FF789-8B3C-4E9B-9371-A0DEA62E1BB1}.Debug|Any CPU.Build.0 = Debug|Any CPU
		{BD5FF789-8B3C-4E9B-9371-A0DEA62E1BB1}.Release|Any CPU.ActiveCfg = Release|Any CPU
		{BD5FF789-8B3C-4E9B-9371-A0DEA62E1BB1}.Release|Any CPU.Build.0 = Release|Any CPU
		{BD462D94-5615-45E8-8010-66677A0F0231}.Debug|Any CPU.ActiveCfg = Debug|Any CPU
		{BD462D94-5615-45E8-8010-66677A0F0231}.Debug|Any CPU.Build.0 = Debug|Any CPU
		{BD462D94-5615-45E8-8010-66677A0F0231}.Release|Any CPU.ActiveCfg = Release|Any CPU
		{BD462D94-5615-45E8-8010-66677A0F0231}.Release|Any CPU.Build.0 = Release|Any CPU
	EndGlobalSection
	GlobalSection(SolutionProperties) = preSolution
		HideSolutionNode = FALSE
	EndGlobalSection
	GlobalSection(NestedProjects) = preSolution
		{94BE8BE3-9C7A-4344-B138-8D03BF15AB34} = {644EBFC9-727C-4FE5-928B-F810EFDB015E}
		{12558EFE-2B05-4B64-B476-13512BC87DED} = {644EBFC9-727C-4FE5-928B-F810EFDB015E}
		{8791736F-62A4-4418-9E8A-E68E85933841} = {644EBFC9-727C-4FE5-928B-F810EFDB015E}
		{B0A280F6-2782-4AC4-AD68-36A458517AC1} = {DF62ECA1-349A-4BA8-940E-D48A6D412A88}
		{98AFC6AD-D84B-4E2C-BEE9-3BB728AF567E} = {DF62ECA1-349A-4BA8-940E-D48A6D412A88}
		{C7C09DBE-17A1-4241-93FF-FA43D2AD54C4} = {DF62ECA1-349A-4BA8-940E-D48A6D412A88}
		{99D36D54-EF6E-47FC-A314-0F8AA11A6643} = {4E84C8D7-C5D6-47B4-888C-F07016C3FA5A}
		{E2FD46B9-3D11-40D1-AAF4-A32CB6A324D0} = {4E84C8D7-C5D6-47B4-888C-F07016C3FA5A}
		{52FBD16B-0FE9-42CC-ABC6-6F242FBF2D34} = {4E84C8D7-C5D6-47B4-888C-F07016C3FA5A}
		{E2B950A2-D895-467C-A636-EE0DC93F63D8} = {657950A1-20D7-4242-9461-4326039B354A}
		{3EBBB60F-D271-4531-BA74-D4A63DB78074} = {657950A1-20D7-4242-9461-4326039B354A}
		{623BCEFC-93A3-45A3-8A7B-698A21991E1A} = {657950A1-20D7-4242-9461-4326039B354A}
		{06958E94-E807-4B3B-B5A1-81320D23BE36} = {2370BFC4-9D52-4C88-BC71-627719E15127}
		{BD5FF789-8B3C-4E9B-9371-A0DEA62E1BB1} = {2370BFC4-9D52-4C88-BC71-627719E15127}
		{BD462D94-5615-45E8-8010-66677A0F0231} = {2370BFC4-9D52-4C88-BC71-627719E15127}
	EndGlobalSection
	GlobalSection(ExtensibilityGlobals) = postSolution
		SolutionGuid = {0FBD1099-896D-4D73-A506-2ABA2B57ADB8}
	EndGlobalSection
EndGlobal
